
Microsoft Visual Studio Solution File, Format Version 12.00
Project("{FAE04EC0-301F-11D3-BF4B-00C04F79EFBC}") = "Mod.DynamicEncounters", "Mod.DynamicEncounters.csproj", "{40389F0D-D7EB-4048-AE72-8B9F7C01C423}"
EndProject
Project("{FAE04EC0-301F-11D3-BF4B-00C04F79EFBC}") = "Mod.DynamicEncounters.Tests", "..\Backend.Tests\Mod.DynamicEncounters.Tests\Mod.DynamicEncounters.Tests.csproj", "{83F9D783-DB41-40E0-96B9-5A86F87F8F2D}"
EndProject
Project("{FAE04EC0-301F-11D3-BF4B-00C04F79EFBC}") = "Mod.DynamicEncounters.Overrides", "..\Overrides\Mod.DynamicEncounters.Overrides.csproj", "{BEDBBAEA-4619-49D3-BAE6-E8BA833DC5DC}"
EndProject
Global
	GlobalSection(SolutionConfigurationPlatforms) = preSolution
		Debug|Any CPU = Debug|Any CPU
		Release|Any CPU = Release|Any CPU
	EndGlobalSection
	GlobalSection(ProjectConfigurationPlatforms) = postSolution
		{40389F0D-D7EB-4048-AE72-8B9F7C01C423}.Debug|Any CPU.ActiveCfg = Debug|Any CPU
		{40389F0D-D7EB-4048-AE72-8B9F7C01C423}.Debug|Any CPU.Build.0 = Debug|Any CPU
		{40389F0D-D7EB-4048-AE72-8B9F7C01C423}.Release|Any CPU.ActiveCfg = Release|Any CPU
		{40389F0D-D7EB-4048-AE72-8B9F7C01C423}.Release|Any CPU.Build.0 = Release|Any CPU
		{83F9D783-DB41-40E0-96B9-5A86F87F8F2D}.Debug|Any CPU.ActiveCfg = Debug|Any CPU
		{83F9D783-DB41-40E0-96B9-5A86F87F8F2D}.Debug|Any CPU.Build.0 = Debug|Any CPU
		{83F9D783-DB41-40E0-96B9-5A86F87F8F2D}.Release|Any CPU.ActiveCfg = Release|Any CPU
		{83F9D783-DB41-40E0-96B9-5A86F87F8F2D}.Release|Any CPU.Build.0 = Release|Any CPU
		{BEDBBAEA-4619-49D3-BAE6-E8BA833DC5DC}.Debug|Any CPU.ActiveCfg = Debug|Any CPU
		{BEDBBAEA-4619-49D3-BAE6-E8BA833DC5DC}.Debug|Any CPU.Build.0 = Debug|Any CPU
		{BEDBBAEA-4619-49D3-BAE6-E8BA833DC5DC}.Release|Any CPU.ActiveCfg = Release|Any CPU
		{BEDBBAEA-4619-49D3-BAE6-E8BA833DC5DC}.Release|Any CPU.Build.0 = Release|Any CPU
	EndGlobalSection
EndGlobal
